
Microsoft Visual Studio Solution File, Format Version 12.00
# Visual Studio Version 17
VisualStudioVersion = 17.4.33213.308
MinimumVisualStudioVersion = 10.0.40219.1
Project("{FAE04EC0-301F-11D3-BF4B-00C04F79EFBC}") = "CadastroClientes", "CadastroClientes\CadastroClientes.csproj", "{494927B0-3642-4ED2-BACF-08E3AFE86527}"
EndProject
Global
	GlobalSection(SolutionConfigurationPlatforms) = preSolution
		Debug|Any CPU = Debug|Any CPU
		Release|Any CPU = Release|Any CPU
	EndGlobalSection
	GlobalSection(ProjectConfigurationPlatforms) = postSolution
		{494927B0-3642-4ED2-BACF-08E3AFE86527}.Debug|Any CPU.ActiveCfg = Debug|Any CPU
		{494927B0-3642-4ED2-BACF-08E3AFE86527}.Debug|Any CPU.Build.0 = Debug|Any CPU
		{494927B0-3642-4ED2-BACF-08E3AFE86527}.Release|Any CPU.ActiveCfg = Release|Any CPU
		{494927B0-3642-4ED2-BACF-08E3AFE86527}.Release|Any CPU.Build.0 = Release|Any CPU
	EndGlobalSection
	GlobalSection(SolutionProperties) = preSolution
		HideSolutionNode = FALSE
	EndGlobalSection
	GlobalSection(ExtensibilityGlobals) = postSolution
		SolutionGuid = {3FE84BF3-D0CD-4CD3-B4EE-71E1CF27393F}
	EndGlobalSection
EndGlobal
